// !$*UTF8*$!
{
	archiveVersion = 1;
	classes = {
	};
	objectVersion = 55;
	objects = {

/* Begin PBXBuildFile section */
		457F8B2C284F5435001C75B6 /* CarHireProjectApp.swift in Sources */ = {isa = PBXBuildFile; fileRef = 457F8B2B284F5435001C75B6 /* CarHireProjectApp.swift */; };
		457F8B2E284F5435001C75B6 /* ContentView.swift in Sources */ = {isa = PBXBuildFile; fileRef = 457F8B2D284F5435001C75B6 /* ContentView.swift */; };
		457F8B30284F5436001C75B6 /* Assets.xcassets in Resources */ = {isa = PBXBuildFile; fileRef = 457F8B2F284F5436001C75B6 /* Assets.xcassets */; };
		457F8B33284F5436001C75B6 /* Preview Assets.xcassets in Resources */ = {isa = PBXBuildFile; fileRef = 457F8B32284F5436001C75B6 /* Preview Assets.xcassets */; };
		457F8B3D284F5437001C75B6 /* CarHireProjectTests.swift in Sources */ = {isa = PBXBuildFile; fileRef = 457F8B3C284F5437001C75B6 /* CarHireProjectTests.swift */; };
		457F8B47284F5437001C75B6 /* CarHireProjectUITests.swift in Sources */ = {isa = PBXBuildFile; fileRef = 457F8B46284F5437001C75B6 /* CarHireProjectUITests.swift */; };
		457F8B49284F5437001C75B6 /* CarHireProjectUITestsLaunchTests.swift in Sources */ = {isa = PBXBuildFile; fileRef = 457F8B48284F5437001C75B6 /* CarHireProjectUITestsLaunchTests.swift */; };
		81617A585D8C921AC5D1A637 /* Pods_CarHireProjectTests.framework in Frameworks */ = {isa = PBXBuildFile; fileRef = 5EB97DDFB14F92568807307B /* Pods_CarHireProjectTests.framework */; };
		8CDA94B565133E90018FB82C /* Pods_CarHireProject_CarHireProjectUITests.framework in Frameworks */ = {isa = PBXBuildFile; fileRef = 84C3DE527B979090D9FCAB9F /* Pods_CarHireProject_CarHireProjectUITests.framework */; };
		F4954798C57A67C09801F8DE /* Pods_CarHireProject.framework in Frameworks */ = {isa = PBXBuildFile; fileRef = E54BBCCB68C2946E5BDB31EB /* Pods_CarHireProject.framework */; };
/* End PBXBuildFile section */

/* Begin PBXContainerItemProxy section */
		457F8B39284F5437001C75B6 /* PBXContainerItemProxy */ = {
			isa = PBXContainerItemProxy;
			containerPortal = 457F8B20284F5435001C75B6 /* Project object */;
			proxyType = 1;
			remoteGlobalIDString = 457F8B27284F5435001C75B6;
			remoteInfo = CarHireProject;
		};
		457F8B43284F5437001C75B6 /* PBXContainerItemProxy */ = {
			isa = PBXContainerItemProxy;
			containerPortal = 457F8B20284F5435001C75B6 /* Project object */;
			proxyType = 1;
			remoteGlobalIDString = 457F8B27284F5435001C75B6;
			remoteInfo = CarHireProject;
		};
/* End PBXContainerItemProxy section */

/* Begin PBXFileReference section */
		281FE58BD4CF0B47575D1BF0 /* Pods-CarHireProject-CarHireProjectUITests.debug.xcconfig */ = {isa = PBXFileReference; includeInIndex = 1; lastKnownFileType = text.xcconfig; name = "Pods-CarHireProject-CarHireProjectUITests.debug.xcconfig"; path = "Target Support Files/Pods-CarHireProject-CarHireProjectUITests/Pods-CarHireProject-CarHireProjectUITests.debug.xcconfig"; sourceTree = "<group>"; };
		2A1F7B2D428BAD136603B5F7 /* Pods-CarHireProjectTests.release.xcconfig */ = {isa = PBXFileReference; includeInIndex = 1; lastKnownFileType = text.xcconfig; name = "Pods-CarHireProjectTests.release.xcconfig"; path = "Target Support Files/Pods-CarHireProjectTests/Pods-CarHireProjectTests.release.xcconfig"; sourceTree = "<group>"; };
		342B86CE557CEAD016E5B1B7 /* Pods-CarHireProject-CarHireProjectUITests.release.xcconfig */ = {isa = PBXFileReference; includeInIndex = 1; lastKnownFileType = text.xcconfig; name = "Pods-CarHireProject-CarHireProjectUITests.release.xcconfig"; path = "Target Support Files/Pods-CarHireProject-CarHireProjectUITests/Pods-CarHireProject-CarHireProjectUITests.release.xcconfig"; sourceTree = "<group>"; };
		457F8B28284F5435001C75B6 /* CarHireProject.app */ = {isa = PBXFileReference; explicitFileType = wrapper.application; includeInIndex = 0; path = CarHireProject.app; sourceTree = BUILT_PRODUCTS_DIR; };
		457F8B2B284F5435001C75B6 /* CarHireProjectApp.swift */ = {isa = PBXFileReference; lastKnownFileType = sourcecode.swift; path = CarHireProjectApp.swift; sourceTree = "<group>"; };
		457F8B2D284F5435001C75B6 /* ContentView.swift */ = {isa = PBXFileReference; lastKnownFileType = sourcecode.swift; path = ContentView.swift; sourceTree = "<group>"; };
		457F8B2F284F5436001C75B6 /* Assets.xcassets */ = {isa = PBXFileReference; lastKnownFileType = folder.assetcatalog; path = Assets.xcassets; sourceTree = "<group>"; };
		457F8B32284F5436001C75B6 /* Preview Assets.xcassets */ = {isa = PBXFileReference; lastKnownFileType = folder.assetcatalog; path = "Preview Assets.xcassets"; sourceTree = "<group>"; };
		457F8B38284F5437001C75B6 /* CarHireProjectTests.xctest */ = {isa = PBXFileReference; explicitFileType = wrapper.cfbundle; includeInIndex = 0; path = CarHireProjectTests.xctest; sourceTree = BUILT_PRODUCTS_DIR; };
		457F8B3C284F5437001C75B6 /* CarHireProjectTests.swift */ = {isa = PBXFileReference; lastKnownFileType = sourcecode.swift; path = CarHireProjectTests.swift; sourceTree = "<group>"; };
		457F8B42284F5437001C75B6 /* CarHireProjectUITests.xctest */ = {isa = PBXFileReference; explicitFileType = wrapper.cfbundle; includeInIndex = 0; path = CarHireProjectUITests.xctest; sourceTree = BUILT_PRODUCTS_DIR; };
		457F8B46284F5437001C75B6 /* CarHireProjectUITests.swift */ = {isa = PBXFileReference; lastKnownFileType = sourcecode.swift; path = CarHireProjectUITests.swift; sourceTree = "<group>"; };
		457F8B48284F5437001C75B6 /* CarHireProjectUITestsLaunchTests.swift */ = {isa = PBXFileReference; lastKnownFileType = sourcecode.swift; path = CarHireProjectUITestsLaunchTests.swift; sourceTree = "<group>"; };
		5EB97DDFB14F92568807307B /* Pods_CarHireProjectTests.framework */ = {isa = PBXFileReference; explicitFileType = wrapper.framework; includeInIndex = 0; path = Pods_CarHireProjectTests.framework; sourceTree = BUILT_PRODUCTS_DIR; };
		84C3DE527B979090D9FCAB9F /* Pods_CarHireProject_CarHireProjectUITests.framework */ = {isa = PBXFileReference; explicitFileType = wrapper.framework; includeInIndex = 0; path = Pods_CarHireProject_CarHireProjectUITests.framework; sourceTree = BUILT_PRODUCTS_DIR; };
		9EABE78CC931CF4FEF00FFF3 /* Pods-CarHireProject.debug.xcconfig */ = {isa = PBXFileReference; includeInIndex = 1; lastKnownFileType = text.xcconfig; name = "Pods-CarHireProject.debug.xcconfig"; path = "Target Support Files/Pods-CarHireProject/Pods-CarHireProject.debug.xcconfig"; sourceTree = "<group>"; };
		AAAC401AF232D3F37B709636 /* Pods-CarHireProject.release.xcconfig */ = {isa = PBXFileReference; includeInIndex = 1; lastKnownFileType = text.xcconfig; name = "Pods-CarHireProject.release.xcconfig"; path = "Target Support Files/Pods-CarHireProject/Pods-CarHireProject.release.xcconfig"; sourceTree = "<group>"; };
		E54BBCCB68C2946E5BDB31EB /* Pods_CarHireProject.framework */ = {isa = PBXFileReference; explicitFileType = wrapper.framework; includeInIndex = 0; path = Pods_CarHireProject.framework; sourceTree = BUILT_PRODUCTS_DIR; };
		F90445CEF6CD8E37A8229053 /* Pods-CarHireProjectTests.debug.xcconfig */ = {isa = PBXFileReference; includeInIndex = 1; lastKnownFileType = text.xcconfig; name = "Pods-CarHireProjectTests.debug.xcconfig"; path = "Target Support Files/Pods-CarHireProjectTests/Pods-CarHireProjectTests.debug.xcconfig"; sourceTree = "<group>"; };
/* End PBXFileReference section */

/* Begin PBXFrameworksBuildPhase section */
		457F8B25284F5435001C75B6 /* Frameworks */ = {
			isa = PBXFrameworksBuildPhase;
			buildActionMask = 2147483647;
			files = (
				F4954798C57A67C09801F8DE /* Pods_CarHireProject.framework in Frameworks */,
			);
			runOnlyForDeploymentPostprocessing = 0;
		};
		457F8B35284F5437001C75B6 /* Frameworks */ = {
			isa = PBXFrameworksBuildPhase;
			buildActionMask = 2147483647;
			files = (
				81617A585D8C921AC5D1A637 /* Pods_CarHireProjectTests.framework in Frameworks */,
			);
			runOnlyForDeploymentPostprocessing = 0;
		};
		457F8B3F284F5437001C75B6 /* Frameworks */ = {
			isa = PBXFrameworksBuildPhase;
			buildActionMask = 2147483647;
			files = (
				8CDA94B565133E90018FB82C /* Pods_CarHireProject_CarHireProjectUITests.framework in Frameworks */,
			);
			runOnlyForDeploymentPostprocessing = 0;
		};
/* End PBXFrameworksBuildPhase section */

/* Begin PBXGroup section */
		397317B4163420CB14F46633 /* Pods */ = {
			isa = PBXGroup;
			children = (
				9EABE78CC931CF4FEF00FFF3 /* Pods-CarHireProject.debug.xcconfig */,
				AAAC401AF232D3F37B709636 /* Pods-CarHireProject.release.xcconfig */,
				281FE58BD4CF0B47575D1BF0 /* Pods-CarHireProject-CarHireProjectUITests.debug.xcconfig */,
				342B86CE557CEAD016E5B1B7 /* Pods-CarHireProject-CarHireProjectUITests.release.xcconfig */,
				F90445CEF6CD8E37A8229053 /* Pods-CarHireProjectTests.debug.xcconfig */,
				2A1F7B2D428BAD136603B5F7 /* Pods-CarHireProjectTests.release.xcconfig */,
			);
			name = Pods;
			path = Pods;
			sourceTree = "<group>";
		};
		457F8B1F284F5435001C75B6 = {
			isa = PBXGroup;
			children = (
				457F8B2A284F5435001C75B6 /* CarHireProject */,
				457F8B3B284F5437001C75B6 /* CarHireProjectTests */,
				457F8B45284F5437001C75B6 /* CarHireProjectUITests */,
				457F8B29284F5435001C75B6 /* Products */,
				397317B4163420CB14F46633 /* Pods */,
				F9221F151EA25190FA3483A3 /* Frameworks */,
			);
			sourceTree = "<group>";
		};
		457F8B29284F5435001C75B6 /* Products */ = {
			isa = PBXGroup;
			children = (
				457F8B28284F5435001C75B6 /* CarHireProject.app */,
				457F8B38284F5437001C75B6 /* CarHireProjectTests.xctest */,
				457F8B42284F5437001C75B6 /* CarHireProjectUITests.xctest */,
			);
			name = Products;
			sourceTree = "<group>";
		};
		457F8B2A284F5435001C75B6 /* CarHireProject */ = {
			isa = PBXGroup;
			children = (
				457F8B2B284F5435001C75B6 /* CarHireProjectApp.swift */,
				457F8B2D284F5435001C75B6 /* ContentView.swift */,
				457F8B2F284F5436001C75B6 /* Assets.xcassets */,
				457F8B31284F5436001C75B6 /* Preview Content */,
			);
			path = CarHireProject;
			sourceTree = "<group>";
		};
		457F8B31284F5436001C75B6 /* Preview Content */ = {
			isa = PBXGroup;
			children = (
				457F8B32284F5436001C75B6 /* Preview Assets.xcassets */,
			);
			path = "Preview Content";
			sourceTree = "<group>";
		};
		457F8B3B284F5437001C75B6 /* CarHireProjectTests */ = {
			isa = PBXGroup;
			children = (
				457F8B3C284F5437001C75B6 /* CarHireProjectTests.swift */,
			);
			path = CarHireProjectTests;
			sourceTree = "<group>";
		};
		457F8B45284F5437001C75B6 /* CarHireProjectUITests */ = {
			isa = PBXGroup;
			children = (
				457F8B46284F5437001C75B6 /* CarHireProjectUITests.swift */,
				457F8B48284F5437001C75B6 /* CarHireProjectUITestsLaunchTests.swift */,
			);
			path = CarHireProjectUITests;
			sourceTree = "<group>";
		};
		F9221F151EA25190FA3483A3 /* Frameworks */ = {
			isa = PBXGroup;
			children = (
				E54BBCCB68C2946E5BDB31EB /* Pods_CarHireProject.framework */,
				84C3DE527B979090D9FCAB9F /* Pods_CarHireProject_CarHireProjectUITests.framework */,
				5EB97DDFB14F92568807307B /* Pods_CarHireProjectTests.framework */,
			);
			name = Frameworks;
			sourceTree = "<group>";
		};
/* End PBXGroup section */

/* Begin PBXNativeTarget section */
		457F8B27284F5435001C75B6 /* CarHireProject */ = {
			isa = PBXNativeTarget;
			buildConfigurationList = 457F8B4C284F5437001C75B6 /* Build configuration list for PBXNativeTarget "CarHireProject" */;
			buildPhases = (
				FF0D814849E0426F29D580A3 /* [CP] Check Pods Manifest.lock */,
				457F8B24284F5435001C75B6 /* Sources */,
				457F8B25284F5435001C75B6 /* Frameworks */,
				457F8B26284F5435001C75B6 /* Resources */,
			);
			buildRules = (
			);
			dependencies = (
			);
			name = CarHireProject;
			productName = CarHireProject;
			productReference = 457F8B28284F5435001C75B6 /* CarHireProject.app */;
			productType = "com.apple.product-type.application";
		};
		457F8B37284F5437001C75B6 /* CarHireProjectTests */ = {
			isa = PBXNativeTarget;
			buildConfigurationList = 457F8B4F284F5437001C75B6 /* Build configuration list for PBXNativeTarget "CarHireProjectTests" */;
			buildPhases = (
				AF76686AA0982C359BA5EAF7 /* [CP] Check Pods Manifest.lock */,
				457F8B34284F5437001C75B6 /* Sources */,
				457F8B35284F5437001C75B6 /* Frameworks */,
				457F8B36284F5437001C75B6 /* Resources */,
			);
			buildRules = (
			);
			dependencies = (
				457F8B3A284F5437001C75B6 /* PBXTargetDependency */,
			);
			name = CarHireProjectTests;
			productName = CarHireProjectTests;
			productReference = 457F8B38284F5437001C75B6 /* CarHireProjectTests.xctest */;
			productType = "com.apple.product-type.bundle.unit-test";
		};
		457F8B41284F5437001C75B6 /* CarHireProjectUITests */ = {
			isa = PBXNativeTarget;
			buildConfigurationList = 457F8B52284F5437001C75B6 /* Build configuration list for PBXNativeTarget "CarHireProjectUITests" */;
			buildPhases = (
				2D986005403984A1EC201358 /* [CP] Check Pods Manifest.lock */,
				457F8B3E284F5437001C75B6 /* Sources */,
				457F8B3F284F5437001C75B6 /* Frameworks */,
				457F8B40284F5437001C75B6 /* Resources */,
			);
			buildRules = (
			);
			dependencies = (
				457F8B44284F5437001C75B6 /* PBXTargetDependency */,
			);
			name = CarHireProjectUITests;
			productName = CarHireProjectUITests;
			productReference = 457F8B42284F5437001C75B6 /* CarHireProjectUITests.xctest */;
			productType = "com.apple.product-type.bundle.ui-testing";
		};
/* End PBXNativeTarget section */

/* Begin PBXProject section */
		457F8B20284F5435001C75B6 /* Project object */ = {
			isa = PBXProject;
			attributes = {
				BuildIndependentTargetsInParallel = 1;
				LastSwiftUpdateCheck = 1330;
				LastUpgradeCheck = 1330;
				TargetAttributes = {
					457F8B27284F5435001C75B6 = {
						CreatedOnToolsVersion = 13.3.1;
					};
					457F8B37284F5437001C75B6 = {
						CreatedOnToolsVersion = 13.3.1;
						TestTargetID = 457F8B27284F5435001C75B6;
					};
					457F8B41284F5437001C75B6 = {
						CreatedOnToolsVersion = 13.3.1;
						TestTargetID = 457F8B27284F5435001C75B6;
					};
				};
			};
			buildConfigurationList = 457F8B23284F5435001C75B6 /* Build configuration list for PBXProject "CarHireProject" */;
			compatibilityVersion = "Xcode 13.0";
			developmentRegion = en;
			hasScannedForEncodings = 0;
			knownRegions = (
				en,
				Base,
			);
			mainGroup = 457F8B1F284F5435001C75B6;
			productRefGroup = 457F8B29284F5435001C75B6 /* Products */;
			projectDirPath = "";
			projectRoot = "";
			targets = (
				457F8B27284F5435001C75B6 /* CarHireProject */,
				457F8B37284F5437001C75B6 /* CarHireProjectTests */,
				457F8B41284F5437001C75B6 /* CarHireProjectUITests */,
			);
		};
/* End PBXProject section */

/* Begin PBXResourcesBuildPhase section */
		457F8B26284F5435001C75B6 /* Resources */ = {
			isa = PBXResourcesBuildPhase;
			buildActionMask = 2147483647;
			files = (
				457F8B33284F5436001C75B6 /* Preview Assets.xcassets in Resources */,
				457F8B30284F5436001C75B6 /* Assets.xcassets in Resources */,
			);
			runOnlyForDeploymentPostprocessing = 0;
		};
		457F8B36284F5437001C75B6 /* Resources */ = {
			isa = PBXResourcesBuildPhase;
			buildActionMask = 2147483647;
			files = (
			);
			runOnlyForDeploymentPostprocessing = 0;
		};
		457F8B40284F5437001C75B6 /* Resources */ = {
			isa = PBXResourcesBuildPhase;
			buildActionMask = 2147483647;
			files = (
			);
			runOnlyForDeploymentPostprocessing = 0;
		};
/* End PBXResourcesBuildPhase section */

/* Begin PBXShellScriptBuildPhase section */
		2D986005403984A1EC201358 /* [CP] Check Pods Manifest.lock */ = {
			isa = PBXShellScriptBuildPhase;
			buildActionMask = 2147483647;
			files = (
			);
			inputFileListPaths = (
			);
			inputPaths = (
				"${PODS_PODFILE_DIR_PATH}/Podfile.lock",
				"${PODS_ROOT}/Manifest.lock",
			);
			name = "[CP] Check Pods Manifest.lock";
			outputFileListPaths = (
			);
			outputPaths = (
				"$(DERIVED_FILE_DIR)/Pods-CarHireProject-CarHireProjectUITests-checkManifestLockResult.txt",
			);
			runOnlyForDeploymentPostprocessing = 0;
			shellPath = /bin/sh;
			shellScript = "diff \"${PODS_PODFILE_DIR_PATH}/Podfile.lock\" \"${PODS_ROOT}/Manifest.lock\" > /dev/null\nif [ $? != 0 ] ; then\n    # print error to STDERR\n    echo \"error: The sandbox is not in sync with the Podfile.lock. Run 'pod install' or update your CocoaPods installation.\" >&2\n    exit 1\nfi\n# This output is used by Xcode 'outputs' to avoid re-running this script phase.\necho \"SUCCESS\" > \"${SCRIPT_OUTPUT_FILE_0}\"\n";
			showEnvVarsInLog = 0;
		};
		AF76686AA0982C359BA5EAF7 /* [CP] Check Pods Manifest.lock */ = {
			isa = PBXShellScriptBuildPhase;
			buildActionMask = 2147483647;
			files = (
			);
			inputFileListPaths = (
			);
			inputPaths = (
				"${PODS_PODFILE_DIR_PATH}/Podfile.lock",
				"${PODS_ROOT}/Manifest.lock",
			);
			name = "[CP] Check Pods Manifest.lock";
			outputFileListPaths = (
			);
			outputPaths = (
				"$(DERIVED_FILE_DIR)/Pods-CarHireProjectTests-checkManifestLockResult.txt",
			);
			runOnlyForDeploymentPostprocessing = 0;
			shellPath = /bin/sh;
			shellScript = "diff \"${PODS_PODFILE_DIR_PATH}/Podfile.lock\" \"${PODS_ROOT}/Manifest.lock\" > /dev/null\nif [ $? != 0 ] ; then\n    # print error to STDERR\n    echo \"error: The sandbox is not in sync with the Podfile.lock. Run 'pod install' or update your CocoaPods installation.\" >&2\n    exit 1\nfi\n# This output is used by Xcode 'outputs' to avoid re-running this script phase.\necho \"SUCCESS\" > \"${SCRIPT_OUTPUT_FILE_0}\"\n";
			showEnvVarsInLog = 0;
		};
		FF0D814849E0426F29D580A3 /* [CP] Check Pods Manifest.lock */ = {
			isa = PBXShellScriptBuildPhase;
			buildActionMask = 2147483647;
			files = (
			);
			inputFileListPaths = (
			);
			inputPaths = (
				"${PODS_PODFILE_DIR_PATH}/Podfile.lock",
				"${PODS_ROOT}/Manifest.lock",
			);
			name = "[CP] Check Pods Manifest.lock";
			outputFileListPaths = (
			);
			outputPaths = (
				"$(DERIVED_FILE_DIR)/Pods-CarHireProject-checkManifestLockResult.txt",
			);
			runOnlyForDeploymentPostprocessing = 0;
			shellPath = /bin/sh;
			shellScript = "diff \"${PODS_PODFILE_DIR_PATH}/Podfile.lock\" \"${PODS_ROOT}/Manifest.lock\" > /dev/null\nif [ $? != 0 ] ; then\n    # print error to STDERR\n    echo \"error: The sandbox is not in sync with the Podfile.lock. Run 'pod install' or update your CocoaPods installation.\" >&2\n    exit 1\nfi\n# This output is used by Xcode 'outputs' to avoid re-running this script phase.\necho \"SUCCESS\" > \"${SCRIPT_OUTPUT_FILE_0}\"\n";
			showEnvVarsInLog = 0;
		};
/* End PBXShellScriptBuildPhase section */

/* Begin PBXSourcesBuildPhase section */
		457F8B24284F5435001C75B6 /* Sources */ = {
			isa = PBXSourcesBuildPhase;
			buildActionMask = 2147483647;
			files = (
				457F8B2E284F5435001C75B6 /* ContentView.swift in Sources */,
				457F8B2C284F5435001C75B6 /* CarHireProjectApp.swift in Sources */,
			);
			runOnlyForDeploymentPostprocessing = 0;
		};
		457F8B34284F5437001C75B6 /* Sources */ = {
			isa = PBXSourcesBuildPhase;
			buildActionMask = 2147483647;
			files = (
				457F8B3D284F5437001C75B6 /* CarHireProjectTests.swift in Sources */,
			);
			runOnlyForDeploymentPostprocessing = 0;
		};
		457F8B3E284F5437001C75B6 /* Sources */ = {
			isa = PBXSourcesBuildPhase;
			buildActionMask = 2147483647;
			files = (
				457F8B47284F5437001C75B6 /* CarHireProjectUITests.swift in Sources */,
				457F8B49284F5437001C75B6 /* CarHireProjectUITestsLaunchTests.swift in Sources */,
			);
			runOnlyForDeploymentPostprocessing = 0;
		};
/* End PBXSourcesBuildPhase section */

/* Begin PBXTargetDependency section */
		457F8B3A284F5437001C75B6 /* PBXTargetDependency */ = {
			isa = PBXTargetDependency;
			target = 457F8B27284F5435001C75B6 /* CarHireProject */;
			targetProxy = 457F8B39284F5437001C75B6 /* PBXContainerItemProxy */;
		};
		457F8B44284F5437001C75B6 /* PBXTargetDependency */ = {
			isa = PBXTargetDependency;
			target = 457F8B27284F5435001C75B6 /* CarHireProject */;
			targetProxy = 457F8B43284F5437001C75B6 /* PBXContainerItemProxy */;
		};
/* End PBXTargetDependency section */

/* Begin XCBuildConfiguration section */
		457F8B4A284F5437001C75B6 /* Debug */ = {
			isa = XCBuildConfiguration;
			buildSettings = {
				ALWAYS_SEARCH_USER_PATHS = NO;
				CLANG_ANALYZER_NONNULL = YES;
				CLANG_ANALYZER_NUMBER_OBJECT_CONVERSION = YES_AGGRESSIVE;
				CLANG_CXX_LANGUAGE_STANDARD = "gnu++17";
				CLANG_ENABLE_MODULES = YES;
				CLANG_ENABLE_OBJC_ARC = YES;
				CLANG_ENABLE_OBJC_WEAK = YES;
				CLANG_WARN_BLOCK_CAPTURE_AUTORELEASING = YES;
				CLANG_WARN_BOOL_CONVERSION = YES;
				CLANG_WARN_COMMA = YES;
				CLANG_WARN_CONSTANT_CONVERSION = YES;
				CLANG_WARN_DEPRECATED_OBJC_IMPLEMENTATIONS = YES;
				CLANG_WARN_DIRECT_OBJC_ISA_USAGE = YES_ERROR;
				CLANG_WARN_DOCUMENTATION_COMMENTS = YES;
				CLANG_WARN_EMPTY_BODY = YES;
				CLANG_WARN_ENUM_CONVERSION = YES;
				CLANG_WARN_INFINITE_RECURSION = YES;
				CLANG_WARN_INT_CONVERSION = YES;
				CLANG_WARN_NON_LITERAL_NULL_CONVERSION = YES;
				CLANG_WARN_OBJC_IMPLICIT_RETAIN_SELF = YES;
				CLANG_WARN_OBJC_LITERAL_CONVERSION = YES;
				CLANG_WARN_OBJC_ROOT_CLASS = YES_ERROR;
				CLANG_WARN_QUOTED_INCLUDE_IN_FRAMEWORK_HEADER = YES;
				CLANG_WARN_RANGE_LOOP_ANALYSIS = YES;
				CLANG_WARN_STRICT_PROTOTYPES = YES;
				CLANG_WARN_SUSPICIOUS_MOVE = YES;
				CLANG_WARN_UNGUARDED_AVAILABILITY = YES_AGGRESSIVE;
				CLANG_WARN_UNREACHABLE_CODE = YES;
				CLANG_WARN__DUPLICATE_METHOD_MATCH = YES;
				COPY_PHASE_STRIP = NO;
				DEBUG_INFORMATION_FORMAT = dwarf;
				ENABLE_STRICT_OBJC_MSGSEND = YES;
				ENABLE_TESTABILITY = YES;
				GCC_C_LANGUAGE_STANDARD = gnu11;
				GCC_DYNAMIC_NO_PIC = NO;
				GCC_NO_COMMON_BLOCKS = YES;
				GCC_OPTIMIZATION_LEVEL = 0;
				GCC_PREPROCESSOR_DEFINITIONS = (
					"DEBUG=1",
					"$(inherited)",
				);
				GCC_WARN_64_TO_32_BIT_CONVERSION = YES;
				GCC_WARN_ABOUT_RETURN_TYPE = YES_ERROR;
				GCC_WARN_UNDECLARED_SELECTOR = YES;
				GCC_WARN_UNINITIALIZED_AUTOS = YES_AGGRESSIVE;
				GCC_WARN_UNUSED_FUNCTION = YES;
				GCC_WARN_UNUSED_VARIABLE = YES;
				IPHONEOS_DEPLOYMENT_TARGET = 15.4;
				MTL_ENABLE_DEBUG_INFO = INCLUDE_SOURCE;
				MTL_FAST_MATH = YES;
				ONLY_ACTIVE_ARCH = YES;
				SDKROOT = iphoneos;
				SWIFT_ACTIVE_COMPILATION_CONDITIONS = DEBUG;
				SWIFT_OPTIMIZATION_LEVEL = "-Onone";
			};
			name = Debug;
		};
		457F8B4B284F5437001C75B6 /* Release */ = {
			isa = XCBuildConfiguration;
			buildSettings = {
				ALWAYS_SEARCH_USER_PATHS = NO;
				CLANG_ANALYZER_NONNULL = YES;
				CLANG_ANALYZER_NUMBER_OBJECT_CONVERSION = YES_AGGRESSIVE;
				CLANG_CXX_LANGUAGE_STANDARD = "gnu++17";
				CLANG_ENABLE_MODULES = YES;
				CLANG_ENABLE_OBJC_ARC = YES;
				CLANG_ENABLE_OBJC_WEAK = YES;
				CLANG_WARN_BLOCK_CAPTURE_AUTORELEASING = YES;
				CLANG_WARN_BOOL_CONVERSION = YES;
				CLANG_WARN_COMMA = YES;
				CLANG_WARN_CONSTANT_CONVERSION = YES;
				CLANG_WARN_DEPRECATED_OBJC_IMPLEMENTATIONS = YES;
				CLANG_WARN_DIRECT_OBJC_ISA_USAGE = YES_ERROR;
				CLANG_WARN_DOCUMENTATION_COMMENTS = YES;
				CLANG_WARN_EMPTY_BODY = YES;
				CLANG_WARN_ENUM_CONVERSION = YES;
				CLANG_WARN_INFINITE_RECURSION = YES;
				CLANG_WARN_INT_CONVERSION = YES;
				CLANG_WARN_NON_LITERAL_NULL_CONVERSION = YES;
				CLANG_WARN_OBJC_IMPLICIT_RETAIN_SELF = YES;
				CLANG_WARN_OBJC_LITERAL_CONVERSION = YES;
				CLANG_WARN_OBJC_ROOT_CLASS = YES_ERROR;
				CLANG_WARN_QUOTED_INCLUDE_IN_FRAMEWORK_HEADER = YES;
				CLANG_WARN_RANGE_LOOP_ANALYSIS = YES;
				CLANG_WARN_STRICT_PROTOTYPES = YES;
				CLANG_WARN_SUSPICIOUS_MOVE = YES;
				CLANG_WARN_UNGUARDED_AVAILABILITY = YES_AGGRESSIVE;
				CLANG_WARN_UNREACHABLE_CODE = YES;
				CLANG_WARN__DUPLICATE_METHOD_MATCH = YES;
				COPY_PHASE_STRIP = NO;
				DEBUG_INFORMATION_FORMAT = "dwarf-with-dsym";
				ENABLE_NS_ASSERTIONS = NO;
				ENABLE_STRICT_OBJC_MSGSEND = YES;
				GCC_C_LANGUAGE_STANDARD = gnu11;
				GCC_NO_COMMON_BLOCKS = YES;
				GCC_WARN_64_TO_32_BIT_CONVERSION = YES;
				GCC_WARN_ABOUT_RETURN_TYPE = YES_ERROR;
				GCC_WARN_UNDECLARED_SELECTOR = YES;
				GCC_WARN_UNINITIALIZED_AUTOS = YES_AGGRESSIVE;
				GCC_WARN_UNUSED_FUNCTION = YES;
				GCC_WARN_UNUSED_VARIABLE = YES;
				IPHONEOS_DEPLOYMENT_TARGET = 15.4;
				MTL_ENABLE_DEBUG_INFO = NO;
				MTL_FAST_MATH = YES;
				SDKROOT = iphoneos;
				SWIFT_COMPILATION_MODE = wholemodule;
				SWIFT_OPTIMIZATION_LEVEL = "-O";
				VALIDATE_PRODUCT = YES;
			};
			name = Release;
		};
		457F8B4D284F5437001C75B6 /* Debug */ = {
			isa = XCBuildConfiguration;
			baseConfigurationReference = 9EABE78CC931CF4FEF00FFF3 /* Pods-CarHireProject.debug.xcconfig */;
			buildSettings = {
				ASSETCATALOG_COMPILER_APPICON_NAME = AppIcon;
				ASSETCATALOG_COMPILER_GLOBAL_ACCENT_COLOR_NAME = AccentColor;
				CODE_SIGN_STYLE = Automatic;
				CURRENT_PROJECT_VERSION = 1;
				DEVELOPMENT_ASSET_PATHS = "\"CarHireProject/Preview Content\"";
				ENABLE_PREVIEWS = YES;
				GENERATE_INFOPLIST_FILE = YES;
				INFOPLIST_KEY_UIApplicationSceneManifest_Generation = YES;
				INFOPLIST_KEY_UIApplicationSupportsIndirectInputEvents = YES;
				INFOPLIST_KEY_UILaunchScreen_Generation = YES;
				INFOPLIST_KEY_UISupportedInterfaceOrientations_iPad = "UIInterfaceOrientationPortrait UIInterfaceOrientationPortraitUpsideDown UIInterfaceOrientationLandscapeLeft UIInterfaceOrientationLandscapeRight";
				INFOPLIST_KEY_UISupportedInterfaceOrientations_iPhone = "UIInterfaceOrientationPortrait UIInterfaceOrientationLandscapeLeft UIInterfaceOrientationLandscapeRight";
				LD_RUNPATH_SEARCH_PATHS = (
					"$(inherited)",
					"@executable_path/Frameworks",
				);
				MARKETING_VERSION = 1.0;
				PRODUCT_BUNDLE_IDENTIFIER = TestAppOnDevice.CarHireProject;
				PRODUCT_NAME = "$(TARGET_NAME)";
				SWIFT_EMIT_LOC_STRINGS = YES;
				SWIFT_VERSION = 5.0;
				TARGETED_DEVICE_FAMILY = "1,2";
			};
			name = Debug;
		};
		457F8B4E284F5437001C75B6 /* Release */ = {
			isa = XCBuildConfiguration;
			baseConfigurationReference = AAAC401AF232D3F37B709636 /* Pods-CarHireProject.release.xcconfig */;
			buildSettings = {
				ASSETCATALOG_COMPILER_APPICON_NAME = AppIcon;
				ASSETCATALOG_COMPILER_GLOBAL_ACCENT_COLOR_NAME = AccentColor;
				CODE_SIGN_STYLE = Automatic;
				CURRENT_PROJECT_VERSION = 1;
				DEVELOPMENT_ASSET_PATHS = "\"CarHireProject/Preview Content\"";
				ENABLE_PREVIEWS = YES;
				GENERATE_INFOPLIST_FILE = YES;
				INFOPLIST_KEY_UIApplicationSceneManifest_Generation = YES;
				INFOPLIST_KEY_UIApplicationSupportsIndirectInputEvents = YES;
				INFOPLIST_KEY_UILaunchScreen_Generation = YES;
				INFOPLIST_KEY_UISupportedInterfaceOrientations_iPad = "UIInterfaceOrientationPortrait UIInterfaceOrientationPortraitUpsideDown UIInterfaceOrientationLandscapeLeft UIInterfaceOrientationLandscapeRight";
				INFOPLIST_KEY_UISupportedInterfaceOrientations_iPhone = "UIInterfaceOrientationPortrait UIInterfaceOrientationLandscapeLeft UIInterfaceOrientationLandscapeRight";
				LD_RUNPATH_SEARCH_PATHS = (
					"$(inherited)",
					"@executable_path/Frameworks",
				);
				MARKETING_VERSION = 1.0;
				PRODUCT_BUNDLE_IDENTIFIER = TestAppOnDevice.CarHireProject;
				PRODUCT_NAME = "$(TARGET_NAME)";
				SWIFT_EMIT_LOC_STRINGS = YES;
				SWIFT_VERSION = 5.0;
				TARGETED_DEVICE_FAMILY = "1,2";
			};
			name = Release;
		};
		457F8B50284F5437001C75B6 /* Debug */ = {
			isa = XCBuildConfiguration;
			baseConfigurationReference = F90445CEF6CD8E37A8229053 /* Pods-CarHireProjectTests.debug.xcconfig */;
			buildSettings = {
				ALWAYS_EMBED_SWIFT_STANDARD_LIBRARIES = YES;
				BUNDLE_LOADER = "$(TEST_HOST)";
				CODE_SIGN_STYLE = Automatic;
				CURRENT_PROJECT_VERSION = 1;
				GENERATE_INFOPLIST_FILE = YES;
				IPHONEOS_DEPLOYMENT_TARGET = 15.4;
				MARKETING_VERSION = 1.0;
				PRODUCT_BUNDLE_IDENTIFIER = TestAppOnDevice.CarHireProjectTests;
				PRODUCT_NAME = "$(TARGET_NAME)";
				SWIFT_EMIT_LOC_STRINGS = NO;
				SWIFT_VERSION = 5.0;
				TARGETED_DEVICE_FAMILY = "1,2";
				TEST_HOST = "$(BUILT_PRODUCTS_DIR)/CarHireProject.app/CarHireProject";
			};
			name = Debug;
		};
		457F8B51284F5437001C75B6 /* Release */ = {
			isa = XCBuildConfiguration;
			baseConfigurationReference = 2A1F7B2D428BAD136603B5F7 /* Pods-CarHireProjectTests.release.xcconfig */;
			buildSettings = {
				ALWAYS_EMBED_SWIFT_STANDARD_LIBRARIES = YES;
				BUNDLE_LOADER = "$(TEST_HOST)";
				CODE_SIGN_STYLE = Automatic;
				CURRENT_PROJECT_VERSION = 1;
				GENERATE_INFOPLIST_FILE = YES;
				IPHONEOS_DEPLOYMENT_TARGET = 15.4;
				MARKETING_VERSION = 1.0;
				PRODUCT_BUNDLE_IDENTIFIER = TestAppOnDevice.CarHireProjectTests;
				PRODUCT_NAME = "$(TARGET_NAME)";
				SWIFT_EMIT_LOC_STRINGS = NO;
				SWIFT_VERSION = 5.0;
				TARGETED_DEVICE_FAMILY = "1,2";
				TEST_HOST = "$(BUILT_PRODUCTS_DIR)/CarHireProject.app/CarHireProject";
			};
			name = Release;
		};
		457F8B53284F5437001C75B6 /* Debug */ = {
			isa = XCBuildConfiguration;
			baseConfigurationReference = 281FE58BD4CF0B47575D1BF0 /* Pods-CarHireProject-CarHireProjectUITests.debug.xcconfig */;
			buildSettings = {
				ALWAYS_EMBED_SWIFT_STANDARD_LIBRARIES = YES;
				CODE_SIGN_STYLE = Automatic;
				CURRENT_PROJECT_VERSION = 1;
				GENERATE_INFOPLIST_FILE = YES;
				MARKETING_VERSION = 1.0;
				PRODUCT_BUNDLE_IDENTIFIER = TestAppOnDevice.CarHireProjectUITests;
				PRODUCT_NAME = "$(TARGET_NAME)";
				SWIFT_EMIT_LOC_STRINGS = NO;
				SWIFT_VERSION = 5.0;
				TARGETED_DEVICE_FAMILY = "1,2";
				TEST_TARGET_NAME = CarHireProject;
			};
			name = Debug;
		};
		457F8B54284F5437001C75B6 /* Release */ = {
			isa = XCBuildConfiguration;
			baseConfigurationReference = 342B86CE557CEAD016E5B1B7 /* Pods-CarHireProject-CarHireProjectUITests.release.xcconfig */;
			buildSettings = {
				ALWAYS_EMBED_SWIFT_STANDARD_LIBRARIES = YES;
				CODE_SIGN_STYLE = Automatic;
				CURRENT_PROJECT_VERSION = 1;
				GENERATE_INFOPLIST_FILE = YES;
				MARKETING_VERSION = 1.0;
				PRODUCT_BUNDLE_IDENTIFIER = TestAppOnDevice.CarHireProjectUITests;
				PRODUCT_NAME = "$(TARGET_NAME)";
				SWIFT_EMIT_LOC_STRINGS = NO;
				SWIFT_VERSION = 5.0;
				TARGETED_DEVICE_FAMILY = "1,2";
				TEST_TARGET_NAME = CarHireProject;
			};
			name = Release;
		};
/* End XCBuildConfiguration section */

/* Begin XCConfigurationList section */
		457F8B23284F5435001C75B6 /* Build configuration list for PBXProject "CarHireProject" */ = {
			isa = XCConfigurationList;
			buildConfigurations = (
				457F8B4A284F5437001C75B6 /* Debug */,
				457F8B4B284F5437001C75B6 /* Release */,
			);
			defaultConfigurationIsVisible = 0;
			defaultConfigurationName = Release;
		};
		457F8B4C284F5437001C75B6 /* Build configuration list for PBXNativeTarget "CarHireProject" */ = {
			isa = XCConfigurationList;
			buildConfigurations = (
				457F8B4D284F5437001C75B6 /* Debug */,
				457F8B4E284F5437001C75B6 /* Release */,
			);
			defaultConfigurationIsVisible = 0;
			defaultConfigurationName = Release;
		};
		457F8B4F284F5437001C75B6 /* Build configuration list for PBXNativeTarget "CarHireProjectTests" */ = {
			isa = XCConfigurationList;
			buildConfigurations = (
				457F8B50284F5437001C75B6 /* Debug */,
				457F8B51284F5437001C75B6 /* Release */,
			);
			defaultConfigurationIsVisible = 0;
			defaultConfigurationName = Release;
		};
		457F8B52284F5437001C75B6 /* Build configuration list for PBXNativeTarget "CarHireProjectUITests" */ = {
			isa = XCConfigurationList;
			buildConfigurations = (
				457F8B53284F5437001C75B6 /* Debug */,
				457F8B54284F5437001C75B6 /* Release */,
			);
			defaultConfigurationIsVisible = 0;
			defaultConfigurationName = Release;
		};
/* End XCConfigurationList section */
	};
	rootObject = 457F8B20284F5435001C75B6 /* Project object */;
}
